
Microsoft Visual Studio Solution File, Format Version 12.00
# Visual Studio Version 16
VisualStudioVersion = 16.0.30517.126
MinimumVisualStudioVersion = 15.0.26124.0
Project("{9A19103F-16F7-4668-BE54-9A1E7A4F7556}") = "API", "src\API\API.csproj", "{DB9BA872-7C6D-4ACF-9ABD-0A2F0A5B8981}"
EndProject
Project("{9A19103F-16F7-4668-BE54-9A1E7A4F7556}") = "Application", "src\Application\Application.csproj", "{C404A5C8-490A-48FB-B092-97AF026AE0F9}"
EndProject
Project("{9A19103F-16F7-4668-BE54-9A1E7A4F7556}") = "Domain", "src\Domain\Domain.csproj", "{A1FA0FC1-C198-4623-BB60-4DC5F2721F5A}"
EndProject
Project("{9A19103F-16F7-4668-BE54-9A1E7A4F7556}") = "Infrastructure", "src\Infrastructure\Infrastructure.csproj", "{7259FB8F-E678-43A3-84D9-7A4962CEB152}"
EndProject
Project("{2150E333-8FDC-42A3-9474-1A3956D46DE8}") = "src", "src", "{0B1EB4D1-7EBA-4375-9F38-849474D797B7}"
EndProject
Global
	GlobalSection(SolutionConfigurationPlatforms) = preSolution
		Debug|Any CPU = Debug|Any CPU
		Debug|x64 = Debug|x64
		Debug|x86 = Debug|x86
		Release|Any CPU = Release|Any CPU
		Release|x64 = Release|x64
		Release|x86 = Release|x86
	EndGlobalSection
	GlobalSection(ProjectConfigurationPlatforms) = postSolution
		{DB9BA872-7C6D-4ACF-9ABD-0A2F0A5B8981}.Debug|Any CPU.ActiveCfg = Debug|Any CPU
		{DB9BA872-7C6D-4ACF-9ABD-0A2F0A5B8981}.Debug|Any CPU.Build.0 = Debug|Any CPU
		{DB9BA872-7C6D-4ACF-9ABD-0A2F0A5B8981}.Debug|x64.ActiveCfg = Debug|Any CPU
		{DB9BA872-7C6D-4ACF-9ABD-0A2F0A5B8981}.Debug|x64.Build.0 = Debug|Any CPU
		{DB9BA872-7C6D-4ACF-9ABD-0A2F0A5B8981}.Debug|x86.ActiveCfg = Debug|Any CPU
		{DB9BA872-7C6D-4ACF-9ABD-0A2F0A5B8981}.Debug|x86.Build.0 = Debug|Any CPU
		{DB9BA872-7C6D-4ACF-9ABD-0A2F0A5B8981}.Release|Any CPU.ActiveCfg = Release|Any CPU
		{DB9BA872-7C6D-4ACF-9ABD-0A2F0A5B8981}.Release|Any CPU.Build.0 = Release|Any CPU
		{DB9BA872-7C6D-4ACF-9ABD-0A2F0A5B8981}.Release|x64.ActiveCfg = Release|Any CPU
		{DB9BA872-7C6D-4ACF-9ABD-0A2F0A5B8981}.Release|x64.Build.0 = Release|Any CPU
		{DB9BA872-7C6D-4ACF-9ABD-0A2F0A5B8981}.Release|x86.ActiveCfg = Release|Any CPU
		{DB9BA872-7C6D-4ACF-9ABD-0A2F0A5B8981}.Release|x86.Build.0 = Release|Any CPU
		{C404A5C8-490A-48FB-B092-97AF026AE0F9}.Debug|Any CPU.ActiveCfg = Debug|Any CPU
		{C404A5C8-490A-48FB-B092-97AF026AE0F9}.Debug|Any CPU.Build.0 = Debug|Any CPU
		{C404A5C8-490A-48FB-B092-97AF026AE0F9}.Debug|x64.ActiveCfg = Debug|Any CPU
		{C404A5C8-490A-48FB-B092-97AF026AE0F9}.Debug|x64.Build.0 = Debug|Any CPU
		{C404A5C8-490A-48FB-B092-97AF026AE0F9}.Debug|x86.ActiveCfg = Debug|Any CPU
		{C404A5C8-490A-48FB-B092-97AF026AE0F9}.Debug|x86.Build.0 = Debug|Any CPU
		{C404A5C8-490A-48FB-B092-97AF026AE0F9}.Release|Any CPU.ActiveCfg = Release|Any CPU
		{C404A5C8-490A-48FB-B092-97AF026AE0F9}.Release|Any CPU.Build.0 = Release|Any CPU
		{C404A5C8-490A-48FB-B092-97AF026AE0F9}.Release|x64.ActiveCfg = Release|Any CPU
		{C404A5C8-490A-48FB-B092-97AF026AE0F9}.Release|x64.Build.0 = Release|Any CPU
		{C404A5C8-490A-48FB-B092-97AF026AE0F9}.Release|x86.ActiveCfg = Release|Any CPU
		{C404A5C8-490A-48FB-B092-97AF026AE0F9}.Release|x86.Build.0 = Release|Any CPU
		{A1FA0FC1-C198-4623-BB60-4DC5F2721F5A}.Debug|Any CPU.ActiveCfg = Debug|Any CPU
		{A1FA0FC1-C198-4623-BB60-4DC5F2721F5A}.Debug|Any CPU.Build.0 = Debug|Any CPU
		{A1FA0FC1-C198-4623-BB60-4DC5F2721F5A}.Debug|x64.ActiveCfg = Debug|Any CPU
		{A1FA0FC1-C198-4623-BB60-4DC5F2721F5A}.Debug|x64.Build.0 = Debug|Any CPU
		{A1FA0FC1-C198-4623-BB60-4DC5F2721F5A}.Debug|x86.ActiveCfg = Debug|Any CPU
		{A1FA0FC1-C198-4623-BB60-4DC5F2721F5A}.Debug|x86.Build.0 = Debug|Any CPU
		{A1FA0FC1-C198-4623-BB60-4DC5F2721F5A}.Release|Any CPU.ActiveCfg = Release|Any CPU
		{A1FA0FC1-C198-4623-BB60-4DC5F2721F5A}.Release|Any CPU.Build.0 = Release|Any CPU
		{A1FA0FC1-C198-4623-BB60-4DC5F2721F5A}.Release|x64.ActiveCfg = Release|Any CPU
		{A1FA0FC1-C198-4623-BB60-4DC5F2721F5A}.Release|x64.Build.0 = Release|Any CPU
		{A1FA0FC1-C198-4623-BB60-4DC5F2721F5A}.Release|x86.ActiveCfg = Release|Any CPU
		{A1FA0FC1-C198-4623-BB60-4DC5F2721F5A}.Release|x86.Build.0 = Release|Any CPU
		{7259FB8F-E678-43A3-84D9-7A4962CEB152}.Debug|Any CPU.ActiveCfg = Debug|Any CPU
		{7259FB8F-E678-43A3-84D9-7A4962CEB152}.Debug|Any CPU.Build.0 = Debug|Any CPU
		{7259FB8F-E678-43A3-84D9-7A4962CEB152}.Debug|x64.ActiveCfg = Debug|Any CPU
		{7259FB8F-E678-43A3-84D9-7A4962CEB152}.Debug|x64.Build.0 = Debug|Any CPU
		{7259FB8F-E678-43A3-84D9-7A4962CEB152}.Debug|x86.ActiveCfg = Debug|Any CPU
		{7259FB8F-E678-43A3-84D9-7A4962CEB152}.Debug|x86.Build.0 = Debug|Any CPU
		{7259FB8F-E678-43A3-84D9-7A4962CEB152}.Release|Any CPU.ActiveCfg = Release|Any CPU
		{7259FB8F-E678-43A3-84D9-7A4962CEB152}.Release|Any CPU.Build.0 = Release|Any CPU
		{7259FB8F-E678-43A3-84D9-7A4962CEB152}.Release|x64.ActiveCfg = Release|Any CPU
		{7259FB8F-E678-43A3-84D9-7A4962CEB152}.Release|x64.Build.0 = Release|Any CPU
		{7259FB8F-E678-43A3-84D9-7A4962CEB152}.Release|x86.ActiveCfg = Release|Any CPU
		{7259FB8F-E678-43A3-84D9-7A4962CEB152}.Release|x86.Build.0 = Release|Any CPU
	EndGlobalSection
	GlobalSection(SolutionProperties) = preSolution
		HideSolutionNode = FALSE
	EndGlobalSection
	GlobalSection(NestedProjects) = preSolution
		{DB9BA872-7C6D-4ACF-9ABD-0A2F0A5B8981} = {0B1EB4D1-7EBA-4375-9F38-849474D797B7}
		{C404A5C8-490A-48FB-B092-97AF026AE0F9} = {0B1EB4D1-7EBA-4375-9F38-849474D797B7}
		{A1FA0FC1-C198-4623-BB60-4DC5F2721F5A} = {0B1EB4D1-7EBA-4375-9F38-849474D797B7}
		{7259FB8F-E678-43A3-84D9-7A4962CEB152} = {0B1EB4D1-7EBA-4375-9F38-849474D797B7}
	EndGlobalSection
	GlobalSection(ExtensibilityGlobals) = postSolution
		SolutionGuid = {8DCFCA17-F154-42C5-822E-617D550CB348}
	EndGlobalSection
EndGlobal
